// !$*UTF8*$!
{
	archiveVersion = 1;
	classes = {
	};
	objectVersion = 46;
	objects = {

/* Begin PBXBuildFile section */
		2636646C1D0D7D390011F8DB /* main.m in Sources */ = {isa = PBXBuildFile; fileRef = 2636646B1D0D7D390011F8DB /* main.m */; };
		2636646F1D0D7D390011F8DB /* AppDelegate.m in Sources */ = {isa = PBXBuildFile; fileRef = 2636646E1D0D7D390011F8DB /* AppDelegate.m */; };
		263664721D0D7D390011F8DB /* ViewController.m in Sources */ = {isa = PBXBuildFile; fileRef = 263664711D0D7D390011F8DB /* ViewController.m */; };
		263664751D0D7D390011F8DB /* Main.storyboard in Resources */ = {isa = PBXBuildFile; fileRef = 263664731D0D7D390011F8DB /* Main.storyboard */; };
		263664771D0D7D390011F8DB /* Assets.xcassets in Resources */ = {isa = PBXBuildFile; fileRef = 263664761D0D7D390011F8DB /* Assets.xcassets */; };
		2636647A1D0D7D390011F8DB /* LaunchScreen.storyboard in Resources */ = {isa = PBXBuildFile; fileRef = 263664781D0D7D390011F8DB /* LaunchScreen.storyboard */; };
		263664851D0D7D390011F8DB /* testDemoTests.m in Sources */ = {isa = PBXBuildFile; fileRef = 263664841D0D7D390011F8DB /* testDemoTests.m */; };
		263664901D0D7D390011F8DB /* testDemoUITests.m in Sources */ = {isa = PBXBuildFile; fileRef = 2636648F1D0D7D390011F8DB /* testDemoUITests.m */; };
/* End PBXBuildFile section */

/* Begin PBXContainerItemProxy section */
		263664811D0D7D390011F8DB /* PBXContainerItemProxy */ = {
			isa = PBXContainerItemProxy;
			containerPortal = 2636645F1D0D7D390011F8DB /* Project object */;
			proxyType = 1;
			remoteGlobalIDString = 263664661D0D7D390011F8DB;
			remoteInfo = testDemo;
		};
		2636648C1D0D7D390011F8DB /* PBXContainerItemProxy */ = {
			isa = PBXContainerItemProxy;
			containerPortal = 2636645F1D0D7D390011F8DB /* Project object */;
			proxyType = 1;
			remoteGlobalIDString = 263664661D0D7D390011F8DB;
			remoteInfo = testDemo;
		};
/* End PBXContainerItemProxy section */

/* Begin PBXFileReference section */
		263664671D0D7D390011F8DB /* testDemo.app */ = {isa = PBXFileReference; explicitFileType = wrapper.application; includeInIndex = 0; path = testDemo.app; sourceTree = BUILT_PRODUCTS_DIR; };
		2636646B1D0D7D390011F8DB /* main.m */ = {isa = PBXFileReference; lastKnownFileType = sourcecode.c.objc; path = main.m; sourceTree = "<group>"; };
		2636646D1D0D7D390011F8DB /* AppDelegate.h */ = {isa = PBXFileReference; lastKnownFileType = sourcecode.c.h; path = AppDelegate.h; sourceTree = "<group>"; };
		2636646E1D0D7D390011F8DB /* AppDelegate.m */ = {isa = PBXFileReference; lastKnownFileType = sourcecode.c.objc; path = AppDelegate.m; sourceTree = "<group>"; };
		263664701D0D7D390011F8DB /* ViewController.h */ = {isa = PBXFileReference; lastKnownFileType = sourcecode.c.h; path = ViewController.h; sourceTree = "<group>"; };
		263664711D0D7D390011F8DB /* ViewController.m */ = {isa = PBXFileReference; lastKnownFileType = sourcecode.c.objc; path = ViewController.m; sourceTree = "<group>"; };
		263664741D0D7D390011F8DB /* Base */ = {isa = PBXFileReference; lastKnownFileType = file.storyboard; name = Base; path = Base.lproj/Main.storyboard; sourceTree = "<group>"; };
		263664761D0D7D390011F8DB /* Assets.xcassets */ = {isa = PBXFileReference; lastKnownFileType = folder.assetcatalog; path = Assets.xcassets; sourceTree = "<group>"; };
		263664791D0D7D390011F8DB /* Base */ = {isa = PBXFileReference; lastKnownFileType = file.storyboard; name = Base; path = Base.lproj/LaunchScreen.storyboard; sourceTree = "<group>"; };
		2636647B1D0D7D390011F8DB /* Info.plist */ = {isa = PBXFileReference; lastKnownFileType = text.plist.xml; path = Info.plist; sourceTree = "<group>"; };
		263664801D0D7D390011F8DB /* testDemoTests.xctest */ = {isa = PBXFileReference; explicitFileType = wrapper.cfbundle; includeInIndex = 0; path = testDemoTests.xctest; sourceTree = BUILT_PRODUCTS_DIR; };
		263664841D0D7D390011F8DB /* testDemoTests.m */ = {isa = PBXFileReference; lastKnownFileType = sourcecode.c.objc; path = testDemoTests.m; sourceTree = "<group>"; };
		263664861D0D7D390011F8DB /* Info.plist */ = {isa = PBXFileReference; lastKnownFileType = text.plist.xml; path = Info.plist; sourceTree = "<group>"; };
		2636648B1D0D7D390011F8DB /* testDemoUITests.xctest */ = {isa = PBXFileReference; explicitFileType = wrapper.cfbundle; includeInIndex = 0; path = testDemoUITests.xctest; sourceTree = BUILT_PRODUCTS_DIR; };
		2636648F1D0D7D390011F8DB /* testDemoUITests.m */ = {isa = PBXFileReference; lastKnownFileType = sourcecode.c.objc; path = testDemoUITests.m; sourceTree = "<group>"; };
		263664911D0D7D390011F8DB /* Info.plist */ = {isa = PBXFileReference; lastKnownFileType = text.plist.xml; path = Info.plist; sourceTree = "<group>"; };
/* End PBXFileReference section */

/* Begin PBXFrameworksBuildPhase section */
		263664641D0D7D390011F8DB /* Frameworks */ = {
			isa = PBXFrameworksBuildPhase;
			buildActionMask = 2147483647;
			files = (
			);
			runOnlyForDeploymentPostprocessing = 0;
		};
		2636647D1D0D7D390011F8DB /* Frameworks */ = {
			isa = PBXFrameworksBuildPhase;
			buildActionMask = 2147483647;
			files = (
			);
			runOnlyForDeploymentPostprocessing = 0;
		};
		263664881D0D7D390011F8DB /* Frameworks */ = {
			isa = PBXFrameworksBuildPhase;
			buildActionMask = 2147483647;
			files = (
			);
			runOnlyForDeploymentPostprocessing = 0;
		};
/* End PBXFrameworksBuildPhase section */

/* Begin PBXGroup section */
		2636645E1D0D7D390011F8DB = {
			isa = PBXGroup;
			children = (
				263664691D0D7D390011F8DB /* testDemo */,
				263664831D0D7D390011F8DB /* testDemoTests */,
				2636648E1D0D7D390011F8DB /* testDemoUITests */,
				263664681D0D7D390011F8DB /* Products */,
			);
			sourceTree = "<group>";
		};
		263664681D0D7D390011F8DB /* Products */ = {
			isa = PBXGroup;
			children = (
				263664671D0D7D390011F8DB /* testDemo.app */,
				263664801D0D7D390011F8DB /* testDemoTests.xctest */,
				2636648B1D0D7D390011F8DB /* testDemoUITests.xctest */,
			);
			name = Products;
			sourceTree = "<group>";
		};
		263664691D0D7D390011F8DB /* testDemo */ = {
			isa = PBXGroup;
			children = (
				2636646D1D0D7D390011F8DB /* AppDelegate.h */,
				2636646E1D0D7D390011F8DB /* AppDelegate.m */,
				263664701D0D7D390011F8DB /* ViewController.h */,
				263664711D0D7D390011F8DB /* ViewController.m */,
				263664731D0D7D390011F8DB /* Main.storyboard */,
				263664761D0D7D390011F8DB /* Assets.xcassets */,
				263664781D0D7D390011F8DB /* LaunchScreen.storyboard */,
				2636647B1D0D7D390011F8DB /* Info.plist */,
				2636646A1D0D7D390011F8DB /* Supporting Files */,
			);
			path = testDemo;
			sourceTree = "<group>";
		};
		2636646A1D0D7D390011F8DB /* Supporting Files */ = {
			isa = PBXGroup;
			children = (
				2636646B1D0D7D390011F8DB /* main.m */,
			);
			name = "Supporting Files";
			sourceTree = "<group>";
		};
		263664831D0D7D390011F8DB /* testDemoTests */ = {
			isa = PBXGroup;
			children = (
				263664841D0D7D390011F8DB /* testDemoTests.m */,
				263664861D0D7D390011F8DB /* Info.plist */,
			);
			path = testDemoTests;
			sourceTree = "<group>";
		};
		2636648E1D0D7D390011F8DB /* testDemoUITests */ = {
			isa = PBXGroup;
			children = (
				2636648F1D0D7D390011F8DB /* testDemoUITests.m */,
				263664911D0D7D390011F8DB /* Info.plist */,
			);
			path = testDemoUITests;
			sourceTree = "<group>";
		};
/* End PBXGroup section */

/* Begin PBXNativeTarget section */
		263664661D0D7D390011F8DB /* testDemo */ = {
			isa = PBXNativeTarget;
			buildConfigurationList = 263664941D0D7D390011F8DB /* Build configuration list for PBXNativeTarget "testDemo" */;
			buildPhases = (
				263664631D0D7D390011F8DB /* Sources */,
				263664641D0D7D390011F8DB /* Frameworks */,
				263664651D0D7D390011F8DB /* Resources */,
			);
			buildRules = (
			);
			dependencies = (
			);
			name = testDemo;
			productName = testDemo;
			productReference = 263664671D0D7D390011F8DB /* testDemo.app */;
			productType = "com.apple.product-type.application";
		};
		2636647F1D0D7D390011F8DB /* testDemoTests */ = {
			isa = PBXNativeTarget;
			buildConfigurationList = 263664971D0D7D390011F8DB /* Build configuration list for PBXNativeTarget "testDemoTests" */;
			buildPhases = (
				2636647C1D0D7D390011F8DB /* Sources */,
				2636647D1D0D7D390011F8DB /* Frameworks */,
				2636647E1D0D7D390011F8DB /* Resources */,
			);
			buildRules = (
			);
			dependencies = (
				263664821D0D7D390011F8DB /* PBXTargetDependency */,
			);
			name = testDemoTests;
			productName = testDemoTests;
			productReference = 263664801D0D7D390011F8DB /* testDemoTests.xctest */;
			productType = "com.apple.product-type.bundle.unit-test";
		};
		2636648A1D0D7D390011F8DB /* testDemoUITests */ = {
			isa = PBXNativeTarget;
			buildConfigurationList = 2636649A1D0D7D390011F8DB /* Build configuration list for PBXNativeTarget "testDemoUITests" */;
			buildPhases = (
				263664871D0D7D390011F8DB /* Sources */,
				263664881D0D7D390011F8DB /* Frameworks */,
				263664891D0D7D390011F8DB /* Resources */,
			);
			buildRules = (
			);
			dependencies = (
				2636648D1D0D7D390011F8DB /* PBXTargetDependency */,
			);
			name = testDemoUITests;
			productName = testDemoUITests;
			productReference = 2636648B1D0D7D390011F8DB /* testDemoUITests.xctest */;
			productType = "com.apple.product-type.bundle.ui-testing";
		};
/* End PBXNativeTarget section */

/* Begin PBXProject section */
		2636645F1D0D7D390011F8DB /* Project object */ = {
			isa = PBXProject;
			attributes = {
				LastUpgradeCheck = 0730;
				ORGANIZATIONNAME = Lishilin1;
				TargetAttributes = {
					263664661D0D7D390011F8DB = {
						CreatedOnToolsVersion = 7.3.1;
					};
					2636647F1D0D7D390011F8DB = {
						CreatedOnToolsVersion = 7.3.1;
						TestTargetID = 263664661D0D7D390011F8DB;
					};
					2636648A1D0D7D390011F8DB = {
						CreatedOnToolsVersion = 7.3.1;
						TestTargetID = 263664661D0D7D390011F8DB;
					};
				};
			};
			buildConfigurationList = 263664621D0D7D390011F8DB /* Build configuration list for PBXProject "testDemo" */;
			compatibilityVersion = "Xcode 3.2";
			developmentRegion = English;
			hasScannedForEncodings = 0;
			knownRegions = (
				en,
				Base,
			);
			mainGroup = 2636645E1D0D7D390011F8DB;
			productRefGroup = 263664681D0D7D390011F8DB /* Products */;
			projectDirPath = "";
			projectRoot = "";
			targets = (
				263664661D0D7D390011F8DB /* testDemo */,
				2636647F1D0D7D390011F8DB /* testDemoTests */,
				2636648A1D0D7D390011F8DB /* testDemoUITests */,
			);
		};
/* End PBXProject section */

/* Begin PBXResourcesBuildPhase section */
		263664651D0D7D390011F8DB /* Resources */ = {
			isa = PBXResourcesBuildPhase;
			buildActionMask = 2147483647;
			files = (
				2636647A1D0D7D390011F8DB /* LaunchScreen.storyboard in Resources */,
				263664771D0D7D390011F8DB /* Assets.xcassets in Resources */,
				263664751D0D7D390011F8DB /* Main.storyboard in Resources */,
			);
			runOnlyForDeploymentPostprocessing = 0;
		};
		2636647E1D0D7D390011F8DB /* Resources */ = {
			isa = PBXResourcesBuildPhase;
			buildActionMask = 2147483647;
			files = (
			);
			runOnlyForDeploymentPostprocessing = 0;
		};
		263664891D0D7D390011F8DB /* Resources */ = {
			isa = PBXResourcesBuildPhase;
			buildActionMask = 2147483647;
			files = (
			);
			runOnlyForDeploymentPostprocessing = 0;
		};
/* End PBXResourcesBuildPhase section */

/* Begin PBXSourcesBuildPhase section */
		263664631D0D7D390011F8DB /* Sources */ = {
			isa = PBXSourcesBuildPhase;
			buildActionMask = 2147483647;
			files = (
				263664721D0D7D390011F8DB /* ViewController.m in Sources */,
				2636646F1D0D7D390011F8DB /* AppDelegate.m in Sources */,
				2636646C1D0D7D390011F8DB /* main.m in Sources */,
			);
			runOnlyForDeploymentPostprocessing = 0;
		};
		2636647C1D0D7D390011F8DB /* Sources */ = {
			isa = PBXSourcesBuildPhase;
			buildActionMask = 2147483647;
			files = (
				263664851D0D7D390011F8DB /* testDemoTests.m in Sources */,
			);
			runOnlyForDeploymentPostprocessing = 0;
		};
		263664871D0D7D390011F8DB /* Sources */ = {
			isa = PBXSourcesBuildPhase;
			buildActionMask = 2147483647;
			files = (
				263664901D0D7D390011F8DB /* testDemoUITests.m in Sources */,
			);
			runOnlyForDeploymentPostprocessing = 0;
		};
/* End PBXSourcesBuildPhase section */

/* Begin PBXTargetDependency section */
		263664821D0D7D390011F8DB /* PBXTargetDependency */ = {
			isa = PBXTargetDependency;
			target = 263664661D0D7D390011F8DB /* testDemo */;
			targetProxy = 263664811D0D7D390011F8DB /* PBXContainerItemProxy */;
		};
		2636648D1D0D7D390011F8DB /* PBXTargetDependency */ = {
			isa = PBXTargetDependency;
			target = 263664661D0D7D390011F8DB /* testDemo */;
			targetProxy = 2636648C1D0D7D390011F8DB /* PBXContainerItemProxy */;
		};
/* End PBXTargetDependency section */

/* Begin PBXVariantGroup section */
		263664731D0D7D390011F8DB /* Main.storyboard */ = {
			isa = PBXVariantGroup;
			children = (
				263664741D0D7D390011F8DB /* Base */,
			);
			name = Main.storyboard;
			sourceTree = "<group>";
		};
		263664781D0D7D390011F8DB /* LaunchScreen.storyboard */ = {
			isa = PBXVariantGroup;
			children = (
				263664791D0D7D390011F8DB /* Base */,
			);
			name = LaunchScreen.storyboard;
			sourceTree = "<group>";
		};
/* End PBXVariantGroup section */

/* Begin XCBuildConfiguration section */
		263664921D0D7D390011F8DB /* Debug */ = {
			isa = XCBuildConfiguration;
			buildSettings = {
				ALWAYS_SEARCH_USER_PATHS = NO;
				CLANG_ANALYZER_NONNULL = YES;
				CLANG_CXX_LANGUAGE_STANDARD = "gnu++0x";
				CLANG_CXX_LIBRARY = "libc++";
				CLANG_ENABLE_MODULES = YES;
				CLANG_ENABLE_OBJC_ARC = YES;
				CLANG_WARN_BOOL_CONVERSION = YES;
				CLANG_WARN_CONSTANT_CONVERSION = YES;
				CLANG_WARN_DIRECT_OBJC_ISA_USAGE = YES_ERROR;
				CLANG_WARN_EMPTY_BODY = YES;
				CLANG_WARN_ENUM_CONVERSION = YES;
				CLANG_WARN_INT_CONVERSION = YES;
				CLANG_WARN_OBJC_ROOT_CLASS = YES_ERROR;
				CLANG_WARN_UNREACHABLE_CODE = YES;
				CLANG_WARN__DUPLICATE_METHOD_MATCH = YES;
				"CODE_SIGN_IDENTITY[sdk=iphoneos*]" = "iPhone Developer";
				COPY_PHASE_STRIP = NO;
				DEBUG_INFORMATION_FORMAT = dwarf;
				ENABLE_STRICT_OBJC_MSGSEND = YES;
				ENABLE_TESTABILITY = YES;
				GCC_C_LANGUAGE_STANDARD = gnu99;
				GCC_DYNAMIC_NO_PIC = NO;
				GCC_NO_COMMON_BLOCKS = YES;
				GCC_OPTIMIZATION_LEVEL = 0;
				GCC_PREPROCESSOR_DEFINITIONS = (
					"DEBUG=1",
					"$(inherited)",
				);
				GCC_WARN_64_TO_32_BIT_CONVERSION = YES;
				GCC_WARN_ABOUT_RETURN_TYPE = YES_ERROR;
				GCC_WARN_UNDECLARED_SELECTOR = YES;
				GCC_WARN_UNINITIALIZED_AUTOS = YES_AGGRESSIVE;
				GCC_WARN_UNUSED_FUNCTION = YES;
				GCC_WARN_UNUSED_VARIABLE = YES;
				IPHONEOS_DEPLOYMENT_TARGET = 9.3;
				MTL_ENABLE_DEBUG_INFO = YES;
				ONLY_ACTIVE_ARCH = YES;
				SDKROOT = iphoneos;
				TARGETED_DEVICE_FAMILY = "1,2";
			};
			name = Debug;
		};
		263664931D0D7D390011F8DB /* Release */ = {
			isa = XCBuildConfiguration;
			buildSettings = {
				ALWAYS_SEARCH_USER_PATHS = NO;
				CLANG_ANALYZER_NONNULL = YES;
				CLANG_CXX_LANGUAGE_STANDARD = "gnu++0x";
				CLANG_CXX_LIBRARY = "libc++";
				CLANG_ENABLE_MODULES = YES;
				CLANG_ENABLE_OBJC_ARC = YES;
				CLANG_WARN_BOOL_CONVERSION = YES;
				CLANG_WARN_CONSTANT_CONVERSION = YES;
				CLANG_WARN_DIRECT_OBJC_ISA_USAGE = YES_ERROR;
				CLANG_WARN_EMPTY_BODY = YES;
				CLANG_WARN_ENUM_CONVERSION = YES;
				CLANG_WARN_INT_CONVERSION = YES;
				CLANG_WARN_OBJC_ROOT_CLASS = YES_ERROR;
				CLANG_WARN_UNREACHABLE_CODE = YES;
				CLANG_WARN__DUPLICATE_METHOD_MATCH = YES;
				"CODE_SIGN_IDENTITY[sdk=iphoneos*]" = "iPhone Developer";
				COPY_PHASE_STRIP = NO;
				DEBUG_INFORMATION_FORMAT = "dwarf-with-dsym";
				ENABLE_NS_ASSERTIONS = NO;
				ENABLE_STRICT_OBJC_MSGSEND = YES;
				GCC_C_LANGUAGE_STANDARD = gnu99;
				GCC_NO_COMMON_BLOCKS = YES;
				GCC_WARN_64_TO_32_BIT_CONVERSION = YES;
				GCC_WARN_ABOUT_RETURN_TYPE = YES_ERROR;
				GCC_WARN_UNDECLARED_SELECTOR = YES;
				GCC_WARN_UNINITIALIZED_AUTOS = YES_AGGRESSIVE;
				GCC_WARN_UNUSED_FUNCTION = YES;
				GCC_WARN_UNUSED_VARIABLE = YES;
				IPHONEOS_DEPLOYMENT_TARGET = 9.3;
				MTL_ENABLE_DEBUG_INFO = NO;
				SDKROOT = iphoneos;
				TARGETED_DEVICE_FAMILY = "1,2";
				VALIDATE_PRODUCT = YES;
			};
			name = Release;
		};
		263664951D0D7D390011F8DB /* Debug */ = {
			isa = XCBuildConfiguration;
			buildSettings = {
				ASSETCATALOG_COMPILER_APPICON_NAME = AppIcon;
				INFOPLIST_FILE = testDemo/Info.plist;
				LD_RUNPATH_SEARCH_PATHS = "$(inherited) @executable_path/Frameworks";
				PRODUCT_BUNDLE_IDENTIFIER = wn.testDemo;
				PRODUCT_NAME = "$(TARGET_NAME)";
			};
			name = Debug;
		};
		263664961D0D7D390011F8DB /* Release */ = {
			isa = XCBuildConfiguration;
			buildSettings = {
				ASSETCATALOG_COMPILER_APPICON_NAME = AppIcon;
				INFOPLIST_FILE = testDemo/Info.plist;
				LD_RUNPATH_SEARCH_PATHS = "$(inherited) @executable_path/Frameworks";
				PRODUCT_BUNDLE_IDENTIFIER = wn.testDemo;
				PRODUCT_NAME = "$(TARGET_NAME)";
			};
			name = Release;
		};
		263664981D0D7D390011F8DB /* Debug */ = {
			isa = XCBuildConfiguration;
			buildSettings = {
				BUNDLE_LOADER = "$(TEST_HOST)";
				INFOPLIST_FILE = testDemoTests/Info.plist;
				LD_RUNPATH_SEARCH_PATHS = "$(inherited) @executable_path/Frameworks @loader_path/Frameworks";
				PRODUCT_BUNDLE_IDENTIFIER = wn.testDemoTests;
				PRODUCT_NAME = "$(TARGET_NAME)";
				TEST_HOST = "$(BUILT_PRODUCTS_DIR)/testDemo.app/testDemo";
			};
			name = Debug;
		};
		263664991D0D7D390011F8DB /* Release */ = {
			isa = XCBuildConfiguration;
			buildSettings = {
				BUNDLE_LOADER = "$(TEST_HOST)";
				INFOPLIST_FILE = testDemoTests/Info.plist;
				LD_RUNPATH_SEARCH_PATHS = "$(inherited) @executable_path/Frameworks @loader_path/Frameworks";
				PRODUCT_BUNDLE_IDENTIFIER = wn.testDemoTests;
				PRODUCT_NAME = "$(TARGET_NAME)";
				TEST_HOST = "$(BUILT_PRODUCTS_DIR)/testDemo.app/testDemo";
			};
			name = Release;
		};
		2636649B1D0D7D390011F8DB /* Debug */ = {
			isa = XCBuildConfiguration;
			buildSettings = {
				INFOPLIST_FILE = testDemoUITests/Info.plist;
				LD_RUNPATH_SEARCH_PATHS = "$(inherited) @executable_path/Frameworks @loader_path/Frameworks";
				PRODUCT_BUNDLE_IDENTIFIER = wn.testDemoUITests;
				PRODUCT_NAME = "$(TARGET_NAME)";
				TEST_TARGET_NAME = testDemo;
			};
			name = Debug;
		};
		2636649C1D0D7D390011F8DB /* Release */ = {
			isa = XCBuildConfiguration;
			buildSettings = {
				INFOPLIST_FILE = testDemoUITests/Info.plist;
				LD_RUNPATH_SEARCH_PATHS = "$(inherited) @executable_path/Frameworks @loader_path/Frameworks";
				PRODUCT_BUNDLE_IDENTIFIER = wn.testDemoUITests;
				PRODUCT_NAME = "$(TARGET_NAME)";
				TEST_TARGET_NAME = testDemo;
			};
			name = Release;
		};
/* End XCBuildConfiguration section */

/* Begin XCConfigurationList section */
		263664621D0D7D390011F8DB /* Build configuration list for PBXProject "testDemo" */ = {
			isa = XCConfigurationList;
			buildConfigurations = (
				263664921D0D7D390011F8DB /* Debug */,
				263664931D0D7D390011F8DB /* Release */,
			);
			defaultConfigurationIsVisible = 0;
			defaultConfigurationName = Release;
		};
		263664941D0D7D390011F8DB /* Build configuration list for PBXNativeTarget "testDemo" */ = {
			isa = XCConfigurationList;
			buildConfigurations = (
				263664951D0D7D390011F8DB /* Debug */,
				263664961D0D7D390011F8DB /* Release */,
			);
			defaultConfigurationIsVisible = 0;
		};
		263664971D0D7D390011F8DB /* Build configuration list for PBXNativeTarget "testDemoTests" */ = {
			isa = XCConfigurationList;
			buildConfigurations = (
				263664981D0D7D390011F8DB /* Debug */,
				263664991D0D7D390011F8DB /* Release */,
			);
			defaultConfigurationIsVisible = 0;
		};
		2636649A1D0D7D390011F8DB /* Build configuration list for PBXNativeTarget "testDemoUITests" */ = {
			isa = XCConfigurationList;
			buildConfigurations = (
				2636649B1D0D7D390011F8DB /* Debug */,
				2636649C1D0D7D390011F8DB /* Release */,
			);
			defaultConfigurationIsVisible = 0;
		};
/* End XCConfigurationList section */
	};
	rootObject = 2636645F1D0D7D390011F8DB /* Project object */;
}
